// !$*UTF8*$!
{
	archiveVersion = 1;
	classes = {
	};
	objectVersion = 56;
	objects = {

/* Begin PBXBuildFile section */
		F33821B12C3820A700626115 /* TrailingIconLabelStyle.swift in Sources */ = {isa = PBXBuildFile; fileRef = F33821B02C3820A700626115 /* TrailingIconLabelStyle.swift */; };
		F33821B32C3828DC00626115 /* ScrumsView.swift in Sources */ = {isa = PBXBuildFile; fileRef = F33821B22C3828DC00626115 /* ScrumsView.swift */; };
		F33821B52C3AEB4200626115 /* DetailView.swift in Sources */ = {isa = PBXBuildFile; fileRef = F33821B42C3AEB4200626115 /* DetailView.swift */; };
		F3F30D492C17D3B3006D65C3 /* ScrumdingerApp.swift in Sources */ = {isa = PBXBuildFile; fileRef = F3F30D482C17D3B3006D65C3 /* ScrumdingerApp.swift */; };
		F3F30D4B2C17D3B3006D65C3 /* MeetingView.swift in Sources */ = {isa = PBXBuildFile; fileRef = F3F30D4A2C17D3B3006D65C3 /* MeetingView.swift */; };
		F3F30D4D2C17D3B7006D65C3 /* Assets.xcassets in Resources */ = {isa = PBXBuildFile; fileRef = F3F30D4C2C17D3B7006D65C3 /* Assets.xcassets */; };
		F3F30D502C17D3B7006D65C3 /* Preview Assets.xcassets in Resources */ = {isa = PBXBuildFile; fileRef = F3F30D4F2C17D3B7006D65C3 /* Preview Assets.xcassets */; };
		F3F30D5A2C17D3B8006D65C3 /* ScrumdingerTests.swift in Sources */ = {isa = PBXBuildFile; fileRef = F3F30D592C17D3B8006D65C3 /* ScrumdingerTests.swift */; };
		F3F30D642C17D3B8006D65C3 /* ScrumdingerUITests.swift in Sources */ = {isa = PBXBuildFile; fileRef = F3F30D632C17D3B8006D65C3 /* ScrumdingerUITests.swift */; };
		F3F30D662C17D3B8006D65C3 /* ScrumdingerUITestsLaunchTests.swift in Sources */ = {isa = PBXBuildFile; fileRef = F3F30D652C17D3B8006D65C3 /* ScrumdingerUITestsLaunchTests.swift */; };
		F3F30D742C17DEE4006D65C3 /* Theme.swift in Sources */ = {isa = PBXBuildFile; fileRef = F3F30D732C17DEE4006D65C3 /* Theme.swift */; };
		F3F30D762C17E7F8006D65C3 /* DailyScrum.swift in Sources */ = {isa = PBXBuildFile; fileRef = F3F30D752C17E7F8006D65C3 /* DailyScrum.swift */; };
		F3F30D782C17E8CA006D65C3 /* CardView.swift in Sources */ = {isa = PBXBuildFile; fileRef = F3F30D772C17E8CA006D65C3 /* CardView.swift */; };
/* End PBXBuildFile section */

/* Begin PBXContainerItemProxy section */
		F3F30D562C17D3B8006D65C3 /* PBXContainerItemProxy */ = {
			isa = PBXContainerItemProxy;
			containerPortal = F3F30D3D2C17D3B3006D65C3 /* Project object */;
			proxyType = 1;
			remoteGlobalIDString = F3F30D442C17D3B3006D65C3;
			remoteInfo = Scrumdinger;
		};
		F3F30D602C17D3B8006D65C3 /* PBXContainerItemProxy */ = {
			isa = PBXContainerItemProxy;
			containerPortal = F3F30D3D2C17D3B3006D65C3 /* Project object */;
			proxyType = 1;
			remoteGlobalIDString = F3F30D442C17D3B3006D65C3;
			remoteInfo = Scrumdinger;
		};
/* End PBXContainerItemProxy section */

/* Begin PBXFileReference section */
		F33821B02C3820A700626115 /* TrailingIconLabelStyle.swift */ = {isa = PBXFileReference; lastKnownFileType = sourcecode.swift; path = TrailingIconLabelStyle.swift; sourceTree = "<group>"; };
		F33821B22C3828DC00626115 /* ScrumsView.swift */ = {isa = PBXFileReference; lastKnownFileType = sourcecode.swift; path = ScrumsView.swift; sourceTree = "<group>"; };
		F33821B42C3AEB4200626115 /* DetailView.swift */ = {isa = PBXFileReference; lastKnownFileType = sourcecode.swift; path = DetailView.swift; sourceTree = "<group>"; };
		F3F30D452C17D3B3006D65C3 /* Scrumdinger.app */ = {isa = PBXFileReference; explicitFileType = wrapper.application; includeInIndex = 0; path = Scrumdinger.app; sourceTree = BUILT_PRODUCTS_DIR; };
		F3F30D482C17D3B3006D65C3 /* ScrumdingerApp.swift */ = {isa = PBXFileReference; lastKnownFileType = sourcecode.swift; path = ScrumdingerApp.swift; sourceTree = "<group>"; };
		F3F30D4A2C17D3B3006D65C3 /* MeetingView.swift */ = {isa = PBXFileReference; lastKnownFileType = sourcecode.swift; path = MeetingView.swift; sourceTree = "<group>"; };
		F3F30D4C2C17D3B7006D65C3 /* Assets.xcassets */ = {isa = PBXFileReference; lastKnownFileType = folder.assetcatalog; path = Assets.xcassets; sourceTree = "<group>"; };
		F3F30D4F2C17D3B7006D65C3 /* Preview Assets.xcassets */ = {isa = PBXFileReference; lastKnownFileType = folder.assetcatalog; path = "Preview Assets.xcassets"; sourceTree = "<group>"; };
		F3F30D552C17D3B8006D65C3 /* ScrumdingerTests.xctest */ = {isa = PBXFileReference; explicitFileType = wrapper.cfbundle; includeInIndex = 0; path = ScrumdingerTests.xctest; sourceTree = BUILT_PRODUCTS_DIR; };
		F3F30D592C17D3B8006D65C3 /* ScrumdingerTests.swift */ = {isa = PBXFileReference; lastKnownFileType = sourcecode.swift; path = ScrumdingerTests.swift; sourceTree = "<group>"; };
		F3F30D5F2C17D3B8006D65C3 /* ScrumdingerUITests.xctest */ = {isa = PBXFileReference; explicitFileType = wrapper.cfbundle; includeInIndex = 0; path = ScrumdingerUITests.xctest; sourceTree = BUILT_PRODUCTS_DIR; };
		F3F30D632C17D3B8006D65C3 /* ScrumdingerUITests.swift */ = {isa = PBXFileReference; lastKnownFileType = sourcecode.swift; path = ScrumdingerUITests.swift; sourceTree = "<group>"; };
		F3F30D652C17D3B8006D65C3 /* ScrumdingerUITestsLaunchTests.swift */ = {isa = PBXFileReference; lastKnownFileType = sourcecode.swift; path = ScrumdingerUITestsLaunchTests.swift; sourceTree = "<group>"; };
		F3F30D732C17DEE4006D65C3 /* Theme.swift */ = {isa = PBXFileReference; lastKnownFileType = sourcecode.swift; path = Theme.swift; sourceTree = "<group>"; };
		F3F30D752C17E7F8006D65C3 /* DailyScrum.swift */ = {isa = PBXFileReference; lastKnownFileType = sourcecode.swift; path = DailyScrum.swift; sourceTree = "<group>"; };
		F3F30D772C17E8CA006D65C3 /* CardView.swift */ = {isa = PBXFileReference; lastKnownFileType = sourcecode.swift; path = CardView.swift; sourceTree = "<group>"; };
/* End PBXFileReference section */

/* Begin PBXFrameworksBuildPhase section */
		F3F30D422C17D3B3006D65C3 /* Frameworks */ = {
			isa = PBXFrameworksBuildPhase;
			buildActionMask = 2147483647;
			files = (
			);
			runOnlyForDeploymentPostprocessing = 0;
		};
		F3F30D522C17D3B8006D65C3 /* Frameworks */ = {
			isa = PBXFrameworksBuildPhase;
			buildActionMask = 2147483647;
			files = (
			);
			runOnlyForDeploymentPostprocessing = 0;
		};
		F3F30D5C2C17D3B8006D65C3 /* Frameworks */ = {
			isa = PBXFrameworksBuildPhase;
			buildActionMask = 2147483647;
			files = (
			);
			runOnlyForDeploymentPostprocessing = 0;
		};
/* End PBXFrameworksBuildPhase section */

/* Begin PBXGroup section */
		F3F30D3C2C17D3B3006D65C3 = {
			isa = PBXGroup;
			children = (
				F3F30D472C17D3B3006D65C3 /* Scrumdinger */,
				F3F30D582C17D3B8006D65C3 /* ScrumdingerTests */,
				F3F30D622C17D3B8006D65C3 /* ScrumdingerUITests */,
				F3F30D462C17D3B3006D65C3 /* Products */,
			);
			sourceTree = "<group>";
		};
		F3F30D462C17D3B3006D65C3 /* Products */ = {
			isa = PBXGroup;
			children = (
				F3F30D452C17D3B3006D65C3 /* Scrumdinger.app */,
				F3F30D552C17D3B8006D65C3 /* ScrumdingerTests.xctest */,
				F3F30D5F2C17D3B8006D65C3 /* ScrumdingerUITests.xctest */,
			);
			name = Products;
			sourceTree = "<group>";
		};
		F3F30D472C17D3B3006D65C3 /* Scrumdinger */ = {
			isa = PBXGroup;
			children = (
				F3F30D722C17DED0006D65C3 /* Models */,
				F3F30D482C17D3B3006D65C3 /* ScrumdingerApp.swift */,
				F3F30D4A2C17D3B3006D65C3 /* MeetingView.swift */,
				F3F30D772C17E8CA006D65C3 /* CardView.swift */,
				F3F30D4C2C17D3B7006D65C3 /* Assets.xcassets */,
				F3F30D4E2C17D3B7006D65C3 /* Preview Content */,
				F33821B02C3820A700626115 /* TrailingIconLabelStyle.swift */,
			);
			path = Scrumdinger;
			sourceTree = "<group>";
		};
		F3F30D4E2C17D3B7006D65C3 /* Preview Content */ = {
			isa = PBXGroup;
			children = (
				F3F30D4F2C17D3B7006D65C3 /* Preview Assets.xcassets */,
			);
			path = "Preview Content";
			sourceTree = "<group>";
		};
		F3F30D582C17D3B8006D65C3 /* ScrumdingerTests */ = {
			isa = PBXGroup;
			children = (
				F3F30D592C17D3B8006D65C3 /* ScrumdingerTests.swift */,
			);
			path = ScrumdingerTests;
			sourceTree = "<group>";
		};
		F3F30D622C17D3B8006D65C3 /* ScrumdingerUITests */ = {
			isa = PBXGroup;
			children = (
				F3F30D632C17D3B8006D65C3 /* ScrumdingerUITests.swift */,
				F3F30D652C17D3B8006D65C3 /* ScrumdingerUITestsLaunchTests.swift */,
			);
			path = ScrumdingerUITests;
			sourceTree = "<group>";
		};
		F3F30D722C17DED0006D65C3 /* Models */ = {
			isa = PBXGroup;
			children = (
				F3F30D732C17DEE4006D65C3 /* Theme.swift */,
				F3F30D752C17E7F8006D65C3 /* DailyScrum.swift */,
				F33821B22C3828DC00626115 /* ScrumsView.swift */,
				F33821B42C3AEB4200626115 /* DetailView.swift */,
			);
			path = Models;
			sourceTree = "<group>";
		};
/* End PBXGroup section */

/* Begin PBXNativeTarget section */
		F3F30D442C17D3B3006D65C3 /* Scrumdinger */ = {
			isa = PBXNativeTarget;
			buildConfigurationList = F3F30D692C17D3B8006D65C3 /* Build configuration list for PBXNativeTarget "Scrumdinger" */;
			buildPhases = (
				F3F30D412C17D3B3006D65C3 /* Sources */,
				F3F30D422C17D3B3006D65C3 /* Frameworks */,
				F3F30D432C17D3B3006D65C3 /* Resources */,
			);
			buildRules = (
			);
			dependencies = (
			);
			name = Scrumdinger;
			productName = Scrumdinger;
			productReference = F3F30D452C17D3B3006D65C3 /* Scrumdinger.app */;
			productType = "com.apple.product-type.application";
		};
		F3F30D542C17D3B8006D65C3 /* ScrumdingerTests */ = {
			isa = PBXNativeTarget;
			buildConfigurationList = F3F30D6C2C17D3B8006D65C3 /* Build configuration list for PBXNativeTarget "ScrumdingerTests" */;
			buildPhases = (
				F3F30D512C17D3B8006D65C3 /* Sources */,
				F3F30D522C17D3B8006D65C3 /* Frameworks */,
				F3F30D532C17D3B8006D65C3 /* Resources */,
			);
			buildRules = (
			);
			dependencies = (
				F3F30D572C17D3B8006D65C3 /* PBXTargetDependency */,
			);
			name = ScrumdingerTests;
			productName = ScrumdingerTests;
			productReference = F3F30D552C17D3B8006D65C3 /* ScrumdingerTests.xctest */;
			productType = "com.apple.product-type.bundle.unit-test";
		};
		F3F30D5E2C17D3B8006D65C3 /* ScrumdingerUITests */ = {
			isa = PBXNativeTarget;
			buildConfigurationList = F3F30D6F2C17D3B8006D65C3 /* Build configuration list for PBXNativeTarget "ScrumdingerUITests" */;
			buildPhases = (
				F3F30D5B2C17D3B8006D65C3 /* Sources */,
				F3F30D5C2C17D3B8006D65C3 /* Frameworks */,
				F3F30D5D2C17D3B8006D65C3 /* Resources */,
			);
			buildRules = (
			);
			dependencies = (
				F3F30D612C17D3B8006D65C3 /* PBXTargetDependency */,
			);
			name = ScrumdingerUITests;
			productName = ScrumdingerUITests;
			productReference = F3F30D5F2C17D3B8006D65C3 /* ScrumdingerUITests.xctest */;
			productType = "com.apple.product-type.bundle.ui-testing";
		};
/* End PBXNativeTarget section */

/* Begin PBXProject section */
		F3F30D3D2C17D3B3006D65C3 /* Project object */ = {
			isa = PBXProject;
			attributes = {
				BuildIndependentTargetsInParallel = 1;
				LastSwiftUpdateCheck = 1540;
				LastUpgradeCheck = 1540;
				TargetAttributes = {
					F3F30D442C17D3B3006D65C3 = {
						CreatedOnToolsVersion = 15.4;
					};
					F3F30D542C17D3B8006D65C3 = {
						CreatedOnToolsVersion = 15.4;
						TestTargetID = F3F30D442C17D3B3006D65C3;
					};
					F3F30D5E2C17D3B8006D65C3 = {
						CreatedOnToolsVersion = 15.4;
						TestTargetID = F3F30D442C17D3B3006D65C3;
					};
				};
			};
			buildConfigurationList = F3F30D402C17D3B3006D65C3 /* Build configuration list for PBXProject "Scrumdinger" */;
			compatibilityVersion = "Xcode 14.0";
			developmentRegion = en;
			hasScannedForEncodings = 0;
			knownRegions = (
				en,
				Base,
			);
			mainGroup = F3F30D3C2C17D3B3006D65C3;
			productRefGroup = F3F30D462C17D3B3006D65C3 /* Products */;
			projectDirPath = "";
			projectRoot = "";
			targets = (
				F3F30D442C17D3B3006D65C3 /* Scrumdinger */,
				F3F30D542C17D3B8006D65C3 /* ScrumdingerTests */,
				F3F30D5E2C17D3B8006D65C3 /* ScrumdingerUITests */,
			);
		};
/* End PBXProject section */

/* Begin PBXResourcesBuildPhase section */
		F3F30D432C17D3B3006D65C3 /* Resources */ = {
			isa = PBXResourcesBuildPhase;
			buildActionMask = 2147483647;
			files = (
				F3F30D502C17D3B7006D65C3 /* Preview Assets.xcassets in Resources */,
				F3F30D4D2C17D3B7006D65C3 /* Assets.xcassets in Resources */,
			);
			runOnlyForDeploymentPostprocessing = 0;
		};
		F3F30D532C17D3B8006D65C3 /* Resources */ = {
			isa = PBXResourcesBuildPhase;
			buildActionMask = 2147483647;
			files = (
			);
			runOnlyForDeploymentPostprocessing = 0;
		};
		F3F30D5D2C17D3B8006D65C3 /* Resources */ = {
			isa = PBXResourcesBuildPhase;
			buildActionMask = 2147483647;
			files = (
			);
			runOnlyForDeploymentPostprocessing = 0;
		};
/* End PBXResourcesBuildPhase section */

/* Begin PBXSourcesBuildPhase section */
		F3F30D412C17D3B3006D65C3 /* Sources */ = {
			isa = PBXSourcesBuildPhase;
			buildActionMask = 2147483647;
			files = (
				F3F30D762C17E7F8006D65C3 /* DailyScrum.swift in Sources */,
				F33821B52C3AEB4200626115 /* DetailView.swift in Sources */,
				F33821B12C3820A700626115 /* TrailingIconLabelStyle.swift in Sources */,
				F3F30D742C17DEE4006D65C3 /* Theme.swift in Sources */,
				F33821B32C3828DC00626115 /* ScrumsView.swift in Sources */,
				F3F30D4B2C17D3B3006D65C3 /* MeetingView.swift in Sources */,
				F3F30D492C17D3B3006D65C3 /* ScrumdingerApp.swift in Sources */,
				F3F30D782C17E8CA006D65C3 /* CardView.swift in Sources */,
			);
			runOnlyForDeploymentPostprocessing = 0;
		};
		F3F30D512C17D3B8006D65C3 /* Sources */ = {
			isa = PBXSourcesBuildPhase;
			buildActionMask = 2147483647;
			files = (
				F3F30D5A2C17D3B8006D65C3 /* ScrumdingerTests.swift in Sources */,
			);
			runOnlyForDeploymentPostprocessing = 0;
		};
		F3F30D5B2C17D3B8006D65C3 /* Sources */ = {
			isa = PBXSourcesBuildPhase;
			buildActionMask = 2147483647;
			files = (
				F3F30D662C17D3B8006D65C3 /* ScrumdingerUITestsLaunchTests.swift in Sources */,
				F3F30D642C17D3B8006D65C3 /* ScrumdingerUITests.swift in Sources */,
			);
			runOnlyForDeploymentPostprocessing = 0;
		};
/* End PBXSourcesBuildPhase section */

/* Begin PBXTargetDependency section */
		F3F30D572C17D3B8006D65C3 /* PBXTargetDependency */ = {
			isa = PBXTargetDependency;
			target = F3F30D442C17D3B3006D65C3 /* Scrumdinger */;
			targetProxy = F3F30D562C17D3B8006D65C3 /* PBXContainerItemProxy */;
		};
		F3F30D612C17D3B8006D65C3 /* PBXTargetDependency */ = {
			isa = PBXTargetDependency;
			target = F3F30D442C17D3B3006D65C3 /* Scrumdinger */;
			targetProxy = F3F30D602C17D3B8006D65C3 /* PBXContainerItemProxy */;
		};
/* End PBXTargetDependency section */

/* Begin XCBuildConfiguration section */
		F3F30D672C17D3B8006D65C3 /* Debug */ = {
			isa = XCBuildConfiguration;
			buildSettings = {
				ALWAYS_SEARCH_USER_PATHS = NO;
				ASSETCATALOG_COMPILER_GENERATE_SWIFT_ASSET_SYMBOL_EXTENSIONS = YES;
				CLANG_ANALYZER_NONNULL = YES;
				CLANG_ANALYZER_NUMBER_OBJECT_CONVERSION = YES_AGGRESSIVE;
				CLANG_CXX_LANGUAGE_STANDARD = "gnu++20";
				CLANG_ENABLE_MODULES = YES;
				CLANG_ENABLE_OBJC_ARC = YES;
				CLANG_ENABLE_OBJC_WEAK = YES;
				CLANG_WARN_BLOCK_CAPTURE_AUTORELEASING = YES;
				CLANG_WARN_BOOL_CONVERSION = YES;
				CLANG_WARN_COMMA = YES;
				CLANG_WARN_CONSTANT_CONVERSION = YES;
				CLANG_WARN_DEPRECATED_OBJC_IMPLEMENTATIONS = YES;
				CLANG_WARN_DIRECT_OBJC_ISA_USAGE = YES_ERROR;
				CLANG_WARN_DOCUMENTATION_COMMENTS = YES;
				CLANG_WARN_EMPTY_BODY = YES;
				CLANG_WARN_ENUM_CONVERSION = YES;
				CLANG_WARN_INFINITE_RECURSION = YES;
				CLANG_WARN_INT_CONVERSION = YES;
				CLANG_WARN_NON_LITERAL_NULL_CONVERSION = YES;
				CLANG_WARN_OBJC_IMPLICIT_RETAIN_SELF = YES;
				CLANG_WARN_OBJC_LITERAL_CONVERSION = YES;
				CLANG_WARN_OBJC_ROOT_CLASS = YES_ERROR;
				CLANG_WARN_QUOTED_INCLUDE_IN_FRAMEWORK_HEADER = YES;
				CLANG_WARN_RANGE_LOOP_ANALYSIS = YES;
				CLANG_WARN_STRICT_PROTOTYPES = YES;
				CLANG_WARN_SUSPICIOUS_MOVE = YES;
				CLANG_WARN_UNGUARDED_AVAILABILITY = YES_AGGRESSIVE;
				CLANG_WARN_UNREACHABLE_CODE = YES;
				CLANG_WARN__DUPLICATE_METHOD_MATCH = YES;
				COPY_PHASE_STRIP = NO;
				DEBUG_INFORMATION_FORMAT = dwarf;
				ENABLE_STRICT_OBJC_MSGSEND = YES;
				ENABLE_TESTABILITY = YES;
				ENABLE_USER_SCRIPT_SANDBOXING = YES;
				GCC_C_LANGUAGE_STANDARD = gnu17;
				GCC_DYNAMIC_NO_PIC = NO;
				GCC_NO_COMMON_BLOCKS = YES;
				GCC_OPTIMIZATION_LEVEL = 0;
				GCC_PREPROCESSOR_DEFINITIONS = (
					"DEBUG=1",
					"$(inherited)",
				);
				GCC_WARN_64_TO_32_BIT_CONVERSION = YES;
				GCC_WARN_ABOUT_RETURN_TYPE = YES_ERROR;
				GCC_WARN_UNDECLARED_SELECTOR = YES;
				GCC_WARN_UNINITIALIZED_AUTOS = YES_AGGRESSIVE;
				GCC_WARN_UNUSED_FUNCTION = YES;
				GCC_WARN_UNUSED_VARIABLE = YES;
				IPHONEOS_DEPLOYMENT_TARGET = 17.5;
				LOCALIZATION_PREFERS_STRING_CATALOGS = YES;
				MTL_ENABLE_DEBUG_INFO = INCLUDE_SOURCE;
				MTL_FAST_MATH = YES;
				ONLY_ACTIVE_ARCH = YES;
				SDKROOT = iphoneos;
				SWIFT_ACTIVE_COMPILATION_CONDITIONS = "DEBUG $(inherited)";
				SWIFT_OPTIMIZATION_LEVEL = "-Onone";
			};
			name = Debug;
		};
		F3F30D682C17D3B8006D65C3 /* Release */ = {
			isa = XCBuildConfiguration;
			buildSettings = {
				ALWAYS_SEARCH_USER_PATHS = NO;
				ASSETCATALOG_COMPILER_GENERATE_SWIFT_ASSET_SYMBOL_EXTENSIONS = YES;
				CLANG_ANALYZER_NONNULL = YES;
				CLANG_ANALYZER_NUMBER_OBJECT_CONVERSION = YES_AGGRESSIVE;
				CLANG_CXX_LANGUAGE_STANDARD = "gnu++20";
				CLANG_ENABLE_MODULES = YES;
				CLANG_ENABLE_OBJC_ARC = YES;
				CLANG_ENABLE_OBJC_WEAK = YES;
				CLANG_WARN_BLOCK_CAPTURE_AUTORELEASING = YES;
				CLANG_WARN_BOOL_CONVERSION = YES;
				CLANG_WARN_COMMA = YES;
				CLANG_WARN_CONSTANT_CONVERSION = YES;
				CLANG_WARN_DEPRECATED_OBJC_IMPLEMENTATIONS = YES;
				CLANG_WARN_DIRECT_OBJC_ISA_USAGE = YES_ERROR;
				CLANG_WARN_DOCUMENTATION_COMMENTS = YES;
				CLANG_WARN_EMPTY_BODY = YES;
				CLANG_WARN_ENUM_CONVERSION = YES;
				CLANG_WARN_INFINITE_RECURSION = YES;
				CLANG_WARN_INT_CONVERSION = YES;
				CLANG_WARN_NON_LITERAL_NULL_CONVERSION = YES;
				CLANG_WARN_OBJC_IMPLICIT_RETAIN_SELF = YES;
				CLANG_WARN_OBJC_LITERAL_CONVERSION = YES;
				CLANG_WARN_OBJC_ROOT_CLASS = YES_ERROR;
				CLANG_WARN_QUOTED_INCLUDE_IN_FRAMEWORK_HEADER = YES;
				CLANG_WARN_RANGE_LOOP_ANALYSIS = YES;
				CLANG_WARN_STRICT_PROTOTYPES = YES;
				CLANG_WARN_SUSPICIOUS_MOVE = YES;
				CLANG_WARN_UNGUARDED_AVAILABILITY = YES_AGGRESSIVE;
				CLANG_WARN_UNREACHABLE_CODE = YES;
				CLANG_WARN__DUPLICATE_METHOD_MATCH = YES;
				COPY_PHASE_STRIP = NO;
				DEBUG_INFORMATION_FORMAT = "dwarf-with-dsym";
				ENABLE_NS_ASSERTIONS = NO;
				ENABLE_STRICT_OBJC_MSGSEND = YES;
				ENABLE_USER_SCRIPT_SANDBOXING = YES;
				GCC_C_LANGUAGE_STANDARD = gnu17;
				GCC_NO_COMMON_BLOCKS = YES;
				GCC_WARN_64_TO_32_BIT_CONVERSION = YES;
				GCC_WARN_ABOUT_RETURN_TYPE = YES_ERROR;
				GCC_WARN_UNDECLARED_SELECTOR = YES;
				GCC_WARN_UNINITIALIZED_AUTOS = YES_AGGRESSIVE;
				GCC_WARN_UNUSED_FUNCTION = YES;
				GCC_WARN_UNUSED_VARIABLE = YES;
				IPHONEOS_DEPLOYMENT_TARGET = 17.5;
				LOCALIZATION_PREFERS_STRING_CATALOGS = YES;
				MTL_ENABLE_DEBUG_INFO = NO;
				MTL_FAST_MATH = YES;
				SDKROOT = iphoneos;
				SWIFT_COMPILATION_MODE = wholemodule;
				VALIDATE_PRODUCT = YES;
			};
			name = Release;
		};
		F3F30D6A2C17D3B8006D65C3 /* Debug */ = {
			isa = XCBuildConfiguration;
			buildSettings = {
				ASSETCATALOG_COMPILER_APPICON_NAME = AppIcon;
				ASSETCATALOG_COMPILER_GLOBAL_ACCENT_COLOR_NAME = AccentColor;
				CODE_SIGN_STYLE = Automatic;
				CURRENT_PROJECT_VERSION = 1;
				DEVELOPMENT_ASSET_PATHS = "\"Scrumdinger/Preview Content\"";
				DEVELOPMENT_TEAM = 43M9CR4Q3Y;
				ENABLE_PREVIEWS = YES;
				GENERATE_INFOPLIST_FILE = YES;
				INFOPLIST_KEY_UIApplicationSceneManifest_Generation = YES;
				INFOPLIST_KEY_UIApplicationSupportsIndirectInputEvents = YES;
				INFOPLIST_KEY_UILaunchScreen_Generation = YES;
				INFOPLIST_KEY_UISupportedInterfaceOrientations_iPad = "UIInterfaceOrientationPortrait UIInterfaceOrientationPortraitUpsideDown UIInterfaceOrientationLandscapeLeft UIInterfaceOrientationLandscapeRight";
				INFOPLIST_KEY_UISupportedInterfaceOrientations_iPhone = "UIInterfaceOrientationPortrait UIInterfaceOrientationLandscapeLeft UIInterfaceOrientationLandscapeRight";
				LD_RUNPATH_SEARCH_PATHS = (
					"$(inherited)",
					"@executable_path/Frameworks",
				);
				MARKETING_VERSION = 1.0;
				PRODUCT_BUNDLE_IDENTIFIER = IshanSharma.Scrumdinger;
				PRODUCT_NAME = "$(TARGET_NAME)";
				SWIFT_EMIT_LOC_STRINGS = YES;
				SWIFT_VERSION = 5.0;
				TARGETED_DEVICE_FAMILY = "1,2";
			};
			name = Debug;
		};
		F3F30D6B2C17D3B8006D65C3 /* Release */ = {
			isa = XCBuildConfiguration;
			buildSettings = {
				ASSETCATALOG_COMPILER_APPICON_NAME = AppIcon;
				ASSETCATALOG_COMPILER_GLOBAL_ACCENT_COLOR_NAME = AccentColor;
				CODE_SIGN_STYLE = Automatic;
				CURRENT_PROJECT_VERSION = 1;
				DEVELOPMENT_ASSET_PATHS = "\"Scrumdinger/Preview Content\"";
				DEVELOPMENT_TEAM = 43M9CR4Q3Y;
				ENABLE_PREVIEWS = YES;
				GENERATE_INFOPLIST_FILE = YES;
				INFOPLIST_KEY_UIApplicationSceneManifest_Generation = YES;
				INFOPLIST_KEY_UIApplicationSupportsIndirectInputEvents = YES;
				INFOPLIST_KEY_UILaunchScreen_Generation = YES;
				INFOPLIST_KEY_UISupportedInterfaceOrientations_iPad = "UIInterfaceOrientationPortrait UIInterfaceOrientationPortraitUpsideDown UIInterfaceOrientationLandscapeLeft UIInterfaceOrientationLandscapeRight";
				INFOPLIST_KEY_UISupportedInterfaceOrientations_iPhone = "UIInterfaceOrientationPortrait UIInterfaceOrientationLandscapeLeft UIInterfaceOrientationLandscapeRight";
				LD_RUNPATH_SEARCH_PATHS = (
					"$(inherited)",
					"@executable_path/Frameworks",
				);
				MARKETING_VERSION = 1.0;
				PRODUCT_BUNDLE_IDENTIFIER = IshanSharma.Scrumdinger;
				PRODUCT_NAME = "$(TARGET_NAME)";
				SWIFT_EMIT_LOC_STRINGS = YES;
				SWIFT_VERSION = 5.0;
				TARGETED_DEVICE_FAMILY = "1,2";
			};
			name = Release;
		};
		F3F30D6D2C17D3B8006D65C3 /* Debug */ = {
			isa = XCBuildConfiguration;
			buildSettings = {
				ALWAYS_EMBED_SWIFT_STANDARD_LIBRARIES = YES;
				BUNDLE_LOADER = "$(TEST_HOST)";
				CODE_SIGN_STYLE = Automatic;
				CURRENT_PROJECT_VERSION = 1;
				DEVELOPMENT_TEAM = 43M9CR4Q3Y;
				GENERATE_INFOPLIST_FILE = YES;
				IPHONEOS_DEPLOYMENT_TARGET = 17.5;
				MARKETING_VERSION = 1.0;
				PRODUCT_BUNDLE_IDENTIFIER = IshanSharma.ScrumdingerTests;
				PRODUCT_NAME = "$(TARGET_NAME)";
				SWIFT_EMIT_LOC_STRINGS = NO;
				SWIFT_VERSION = 5.0;
				TARGETED_DEVICE_FAMILY = "1,2";
				TEST_HOST = "$(BUILT_PRODUCTS_DIR)/Scrumdinger.app/$(BUNDLE_EXECUTABLE_FOLDER_PATH)/Scrumdinger";
			};
			name = Debug;
		};
		F3F30D6E2C17D3B8006D65C3 /* Release */ = {
			isa = XCBuildConfiguration;
			buildSettings = {
				ALWAYS_EMBED_SWIFT_STANDARD_LIBRARIES = YES;
				BUNDLE_LOADER = "$(TEST_HOST)";
				CODE_SIGN_STYLE = Automatic;
				CURRENT_PROJECT_VERSION = 1;
				DEVELOPMENT_TEAM = 43M9CR4Q3Y;
				GENERATE_INFOPLIST_FILE = YES;
				IPHONEOS_DEPLOYMENT_TARGET = 17.5;
				MARKETING_VERSION = 1.0;
				PRODUCT_BUNDLE_IDENTIFIER = IshanSharma.ScrumdingerTests;
				PRODUCT_NAME = "$(TARGET_NAME)";
				SWIFT_EMIT_LOC_STRINGS = NO;
				SWIFT_VERSION = 5.0;
				TARGETED_DEVICE_FAMILY = "1,2";
				TEST_HOST = "$(BUILT_PRODUCTS_DIR)/Scrumdinger.app/$(BUNDLE_EXECUTABLE_FOLDER_PATH)/Scrumdinger";
			};
			name = Release;
		};
		F3F30D702C17D3B8006D65C3 /* Debug */ = {
			isa = XCBuildConfiguration;
			buildSettings = {
				ALWAYS_EMBED_SWIFT_STANDARD_LIBRARIES = YES;
				CODE_SIGN_STYLE = Automatic;
				CURRENT_PROJECT_VERSION = 1;
				DEVELOPMENT_TEAM = 43M9CR4Q3Y;
				GENERATE_INFOPLIST_FILE = YES;
				MARKETING_VERSION = 1.0;
				PRODUCT_BUNDLE_IDENTIFIER = IshanSharma.ScrumdingerUITests;
				PRODUCT_NAME = "$(TARGET_NAME)";
				SWIFT_EMIT_LOC_STRINGS = NO;
				SWIFT_VERSION = 5.0;
				TARGETED_DEVICE_FAMILY = "1,2";
				TEST_TARGET_NAME = Scrumdinger;
			};
			name = Debug;
		};
		F3F30D712C17D3B8006D65C3 /* Release */ = {
			isa = XCBuildConfiguration;
			buildSettings = {
				ALWAYS_EMBED_SWIFT_STANDARD_LIBRARIES = YES;
				CODE_SIGN_STYLE = Automatic;
				CURRENT_PROJECT_VERSION = 1;
				DEVELOPMENT_TEAM = 43M9CR4Q3Y;
				GENERATE_INFOPLIST_FILE = YES;
				MARKETING_VERSION = 1.0;
				PRODUCT_BUNDLE_IDENTIFIER = IshanSharma.ScrumdingerUITests;
				PRODUCT_NAME = "$(TARGET_NAME)";
				SWIFT_EMIT_LOC_STRINGS = NO;
				SWIFT_VERSION = 5.0;
				TARGETED_DEVICE_FAMILY = "1,2";
				TEST_TARGET_NAME = Scrumdinger;
			};
			name = Release;
		};
/* End XCBuildConfiguration section */

/* Begin XCConfigurationList section */
		F3F30D402C17D3B3006D65C3 /* Build configuration list for PBXProject "Scrumdinger" */ = {
			isa = XCConfigurationList;
			buildConfigurations = (
				F3F30D672C17D3B8006D65C3 /* Debug */,
				F3F30D682C17D3B8006D65C3 /* Release */,
			);
			defaultConfigurationIsVisible = 0;
			defaultConfigurationName = Release;
		};
		F3F30D692C17D3B8006D65C3 /* Build configuration list for PBXNativeTarget "Scrumdinger" */ = {
			isa = XCConfigurationList;
			buildConfigurations = (
				F3F30D6A2C17D3B8006D65C3 /* Debug */,
				F3F30D6B2C17D3B8006D65C3 /* Release */,
			);
			defaultConfigurationIsVisible = 0;
			defaultConfigurationName = Release;
		};
		F3F30D6C2C17D3B8006D65C3 /* Build configuration list for PBXNativeTarget "ScrumdingerTests" */ = {
			isa = XCConfigurationList;
			buildConfigurations = (
				F3F30D6D2C17D3B8006D65C3 /* Debug */,
				F3F30D6E2C17D3B8006D65C3 /* Release */,
			);
			defaultConfigurationIsVisible = 0;
			defaultConfigurationName = Release;
		};
		F3F30D6F2C17D3B8006D65C3 /* Build configuration list for PBXNativeTarget "ScrumdingerUITests" */ = {
			isa = XCConfigurationList;
			buildConfigurations = (
				F3F30D702C17D3B8006D65C3 /* Debug */,
				F3F30D712C17D3B8006D65C3 /* Release */,
			);
			defaultConfigurationIsVisible = 0;
			defaultConfigurationName = Release;
		};
/* End XCConfigurationList section */
	};
	rootObject = F3F30D3D2C17D3B3006D65C3 /* Project object */;
}
